// !$*UTF8*$!
{
	archiveVersion = 1;
	classes = {
	};
	objectVersion = 77;
	objects = {

/* Begin PBXContainerItemProxy section */
		9AD0C3082E0FDCE400489C6C /* PBXContainerItemProxy */ = {
			isa = PBXContainerItemProxy;
			containerPortal = 9AD0C2F22E0FDCE200489C6C /* Project object */;
			proxyType = 1;
			remoteGlobalIDString = 9AD0C2F92E0FDCE200489C6C;
			remoteInfo = RLC_Circuits_Simulator;
		};
		9AD0C3122E0FDCE400489C6C /* PBXContainerItemProxy */ = {
			isa = PBXContainerItemProxy;
			containerPortal = 9AD0C2F22E0FDCE200489C6C /* Project object */;
			proxyType = 1;
			remoteGlobalIDString = 9AD0C2F92E0FDCE200489C6C;
			remoteInfo = RLC_Circuits_Simulator;
		};
/* End PBXContainerItemProxy section */

/* Begin PBXFileReference section */
		9AD0C2FA2E0FDCE200489C6C /* RLC_Circuits_Simulator.app */ = {isa = PBXFileReference; explicitFileType = wrapper.application; includeInIndex = 0; path = RLC_Circuits_Simulator.app; sourceTree = BUILT_PRODUCTS_DIR; };
		9AD0C3072E0FDCE400489C6C /* RLC_Circuits_SimulatorTests.xctest */ = {isa = PBXFileReference; explicitFileType = wrapper.cfbundle; includeInIndex = 0; path = RLC_Circuits_SimulatorTests.xctest; sourceTree = BUILT_PRODUCTS_DIR; };
		9AD0C3112E0FDCE400489C6C /* RLC_Circuits_SimulatorUITests.xctest */ = {isa = PBXFileReference; explicitFileType = wrapper.cfbundle; includeInIndex = 0; path = RLC_Circuits_SimulatorUITests.xctest; sourceTree = BUILT_PRODUCTS_DIR; };
/* End PBXFileReference section */

/* Begin PBXFileSystemSynchronizedRootGroup section */
		9AD0C2FC2E0FDCE200489C6C /* RLC_Circuits_Simulator */ = {
			isa = PBXFileSystemSynchronizedRootGroup;
			path = RLC_Circuits_Simulator;
			sourceTree = "<group>";
		};
		9AD0C30A2E0FDCE400489C6C /* RLC_Circuits_SimulatorTests */ = {
			isa = PBXFileSystemSynchronizedRootGroup;
			path = RLC_Circuits_SimulatorTests;
			sourceTree = "<group>";
		};
		9AD0C3142E0FDCE400489C6C /* RLC_Circuits_SimulatorUITests */ = {
			isa = PBXFileSystemSynchronizedRootGroup;
			path = RLC_Circuits_SimulatorUITests;
			sourceTree = "<group>";
		};
/* End PBXFileSystemSynchronizedRootGroup section */

/* Begin PBXFrameworksBuildPhase section */
		9AD0C2F72E0FDCE200489C6C /* Frameworks */ = {
			isa = PBXFrameworksBuildPhase;
			buildActionMask = 2147483647;
			files = (
			);
			runOnlyForDeploymentPostprocessing = 0;
		};
		9AD0C3042E0FDCE400489C6C /* Frameworks */ = {
			isa = PBXFrameworksBuildPhase;
			buildActionMask = 2147483647;
			files = (
			);
			runOnlyForDeploymentPostprocessing = 0;
		};
		9AD0C30E2E0FDCE400489C6C /* Frameworks */ = {
			isa = PBXFrameworksBuildPhase;
			buildActionMask = 2147483647;
			files = (
			);
			runOnlyForDeploymentPostprocessing = 0;
		};
/* End PBXFrameworksBuildPhase section */

/* Begin PBXGroup section */
		9AD0C2F12E0FDCE200489C6C = {
			isa = PBXGroup;
			children = (
				9AD0C2FC2E0FDCE200489C6C /* RLC_Circuits_Simulator */,
				9AD0C30A2E0FDCE400489C6C /* RLC_Circuits_SimulatorTests */,
				9AD0C3142E0FDCE400489C6C /* RLC_Circuits_SimulatorUITests */,
				9AD0C2FB2E0FDCE200489C6C /* Products */,
			);
			sourceTree = "<group>";
		};
		9AD0C2FB2E0FDCE200489C6C /* Products */ = {
			isa = PBXGroup;
			children = (
				9AD0C2FA2E0FDCE200489C6C /* RLC_Circuits_Simulator.app */,
				9AD0C3072E0FDCE400489C6C /* RLC_Circuits_SimulatorTests.xctest */,
				9AD0C3112E0FDCE400489C6C /* RLC_Circuits_SimulatorUITests.xctest */,
			);
			name = Products;
			sourceTree = "<group>";
		};
/* End PBXGroup section */

/* Begin PBXNativeTarget section */
		9AD0C2F92E0FDCE200489C6C /* RLC_Circuits_Simulator */ = {
			isa = PBXNativeTarget;
			buildConfigurationList = 9AD0C31B2E0FDCE400489C6C /* Build configuration list for PBXNativeTarget "RLC_Circuits_Simulator" */;
			buildPhases = (
				9AD0C2F62E0FDCE200489C6C /* Sources */,
				9AD0C2F72E0FDCE200489C6C /* Frameworks */,
				9AD0C2F82E0FDCE200489C6C /* Resources */,
			);
			buildRules = (
			);
			dependencies = (
			);
			fileSystemSynchronizedGroups = (
				9AD0C2FC2E0FDCE200489C6C /* RLC_Circuits_Simulator */,
			);
			name = RLC_Circuits_Simulator;
			packageProductDependencies = (
			);
			productName = RLC_Circuits_Simulator;
			productReference = 9AD0C2FA2E0FDCE200489C6C /* RLC_Circuits_Simulator.app */;
			productType = "com.apple.product-type.application";
		};
		9AD0C3062E0FDCE400489C6C /* RLC_Circuits_SimulatorTests */ = {
			isa = PBXNativeTarget;
			buildConfigurationList = 9AD0C31E2E0FDCE400489C6C /* Build configuration list for PBXNativeTarget "RLC_Circuits_SimulatorTests" */;
			buildPhases = (
				9AD0C3032E0FDCE400489C6C /* Sources */,
				9AD0C3042E0FDCE400489C6C /* Frameworks */,
				9AD0C3052E0FDCE400489C6C /* Resources */,
			);
			buildRules = (
			);
			dependencies = (
				9AD0C3092E0FDCE400489C6C /* PBXTargetDependency */,
			);
			fileSystemSynchronizedGroups = (
				9AD0C30A2E0FDCE400489C6C /* RLC_Circuits_SimulatorTests */,
			);
			name = RLC_Circuits_SimulatorTests;
			packageProductDependencies = (
			);
			productName = RLC_Circuits_SimulatorTests;
			productReference = 9AD0C3072E0FDCE400489C6C /* RLC_Circuits_SimulatorTests.xctest */;
			productType = "com.apple.product-type.bundle.unit-test";
		};
		9AD0C3102E0FDCE400489C6C /* RLC_Circuits_SimulatorUITests */ = {
			isa = PBXNativeTarget;
			buildConfigurationList = 9AD0C3212E0FDCE400489C6C /* Build configuration list for PBXNativeTarget "RLC_Circuits_SimulatorUITests" */;
			buildPhases = (
				9AD0C30D2E0FDCE400489C6C /* Sources */,
				9AD0C30E2E0FDCE400489C6C /* Frameworks */,
				9AD0C30F2E0FDCE400489C6C /* Resources */,
			);
			buildRules = (
			);
			dependencies = (
				9AD0C3132E0FDCE400489C6C /* PBXTargetDependency */,
			);
			fileSystemSynchronizedGroups = (
				9AD0C3142E0FDCE400489C6C /* RLC_Circuits_SimulatorUITests */,
			);
			name = RLC_Circuits_SimulatorUITests;
			packageProductDependencies = (
			);
			productName = RLC_Circuits_SimulatorUITests;
			productReference = 9AD0C3112E0FDCE400489C6C /* RLC_Circuits_SimulatorUITests.xctest */;
			productType = "com.apple.product-type.bundle.ui-testing";
		};
/* End PBXNativeTarget section */

/* Begin PBXProject section */
		9AD0C2F22E0FDCE200489C6C /* Project object */ = {
			isa = PBXProject;
			attributes = {
				BuildIndependentTargetsInParallel = 1;
				LastSwiftUpdateCheck = 1640;
				LastUpgradeCheck = 1640;
				TargetAttributes = {
					9AD0C2F92E0FDCE200489C6C = {
						CreatedOnToolsVersion = 16.4;
					};
					9AD0C3062E0FDCE400489C6C = {
						CreatedOnToolsVersion = 16.4;
						TestTargetID = 9AD0C2F92E0FDCE200489C6C;
					};
					9AD0C3102E0FDCE400489C6C = {
						CreatedOnToolsVersion = 16.4;
						TestTargetID = 9AD0C2F92E0FDCE200489C6C;
					};
				};
			};
			buildConfigurationList = 9AD0C2F52E0FDCE200489C6C /* Build configuration list for PBXProject "RLC_Circuits_Simulator" */;
			developmentRegion = en;
			hasScannedForEncodings = 0;
			knownRegions = (
				en,
				Base,
			);
			mainGroup = 9AD0C2F12E0FDCE200489C6C;
			minimizedProjectReferenceProxies = 1;
			preferredProjectObjectVersion = 77;
			productRefGroup = 9AD0C2FB2E0FDCE200489C6C /* Products */;
			projectDirPath = "";
			projectRoot = "";
			targets = (
				9AD0C2F92E0FDCE200489C6C /* RLC_Circuits_Simulator */,
				9AD0C3062E0FDCE400489C6C /* RLC_Circuits_SimulatorTests */,
				9AD0C3102E0FDCE400489C6C /* RLC_Circuits_SimulatorUITests */,
			);
		};
/* End PBXProject section */

/* Begin PBXResourcesBuildPhase section */
		9AD0C2F82E0FDCE200489C6C /* Resources */ = {
			isa = PBXResourcesBuildPhase;
			buildActionMask = 2147483647;
			files = (
			);
			runOnlyForDeploymentPostprocessing = 0;
		};
		9AD0C3052E0FDCE400489C6C /* Resources */ = {
			isa = PBXResourcesBuildPhase;
			buildActionMask = 2147483647;
			files = (
			);
			runOnlyForDeploymentPostprocessing = 0;
		};
		9AD0C30F2E0FDCE400489C6C /* Resources */ = {
			isa = PBXResourcesBuildPhase;
			buildActionMask = 2147483647;
			files = (
			);
			runOnlyForDeploymentPostprocessing = 0;
		};
/* End PBXResourcesBuildPhase section */

/* Begin PBXSourcesBuildPhase section */
		9AD0C2F62E0FDCE200489C6C /* Sources */ = {
			isa = PBXSourcesBuildPhase;
			buildActionMask = 2147483647;
			files = (
			);
			runOnlyForDeploymentPostprocessing = 0;
		};
		9AD0C3032E0FDCE400489C6C /* Sources */ = {
			isa = PBXSourcesBuildPhase;
			buildActionMask = 2147483647;
			files = (
			);
			runOnlyForDeploymentPostprocessing = 0;
		};
		9AD0C30D2E0FDCE400489C6C /* Sources */ = {
			isa = PBXSourcesBuildPhase;
			buildActionMask = 2147483647;
			files = (
			);
			runOnlyForDeploymentPostprocessing = 0;
		};
/* End PBXSourcesBuildPhase section */

/* Begin PBXTargetDependency section */
		9AD0C3092E0FDCE400489C6C /* PBXTargetDependency */ = {
			isa = PBXTargetDependency;
			target = 9AD0C2F92E0FDCE200489C6C /* RLC_Circuits_Simulator */;
			targetProxy = 9AD0C3082E0FDCE400489C6C /* PBXContainerItemProxy */;
		};
		9AD0C3132E0FDCE400489C6C /* PBXTargetDependency */ = {
			isa = PBXTargetDependency;
			target = 9AD0C2F92E0FDCE200489C6C /* RLC_Circuits_Simulator */;
			targetProxy = 9AD0C3122E0FDCE400489C6C /* PBXContainerItemProxy */;
		};
/* End PBXTargetDependency section */

/* Begin XCBuildConfiguration section */
		9AD0C3192E0FDCE400489C6C /* Debug */ = {
			isa = XCBuildConfiguration;
			buildSettings = {
				ALWAYS_SEARCH_USER_PATHS = NO;
				ASSETCATALOG_COMPILER_GENERATE_SWIFT_ASSET_SYMBOL_EXTENSIONS = YES;
				CLANG_ANALYZER_NONNULL = YES;
				CLANG_ANALYZER_NUMBER_OBJECT_CONVERSION = YES_AGGRESSIVE;
				CLANG_CXX_LANGUAGE_STANDARD = "gnu++20";
				CLANG_ENABLE_MODULES = YES;
				CLANG_ENABLE_OBJC_ARC = YES;
				CLANG_ENABLE_OBJC_WEAK = YES;
				CLANG_WARN_BLOCK_CAPTURE_AUTORELEASING = YES;
				CLANG_WARN_BOOL_CONVERSION = YES;
				CLANG_WARN_COMMA = YES;
				CLANG_WARN_CONSTANT_CONVERSION = YES;
				CLANG_WARN_DEPRECATED_OBJC_IMPLEMENTATIONS = YES;
				CLANG_WARN_DIRECT_OBJC_ISA_USAGE = YES_ERROR;
				CLANG_WARN_DOCUMENTATION_COMMENTS = YES;
				CLANG_WARN_EMPTY_BODY = YES;
				CLANG_WARN_ENUM_CONVERSION = YES;
				CLANG_WARN_INFINITE_RECURSION = YES;
				CLANG_WARN_INT_CONVERSION = YES;
				CLANG_WARN_NON_LITERAL_NULL_CONVERSION = YES;
				CLANG_WARN_OBJC_IMPLICIT_RETAIN_SELF = YES;
				CLANG_WARN_OBJC_LITERAL_CONVERSION = YES;
				CLANG_WARN_OBJC_ROOT_CLASS = YES_ERROR;
				CLANG_WARN_QUOTED_INCLUDE_IN_FRAMEWORK_HEADER = YES;
				CLANG_WARN_RANGE_LOOP_ANALYSIS = YES;
				CLANG_WARN_STRICT_PROTOTYPES = YES;
				CLANG_WARN_SUSPICIOUS_MOVE = YES;
				CLANG_WARN_UNGUARDED_AVAILABILITY = YES_AGGRESSIVE;
				CLANG_WARN_UNREACHABLE_CODE = YES;
				CLANG_WARN__DUPLICATE_METHOD_MATCH = YES;
				COPY_PHASE_STRIP = NO;
				DEBUG_INFORMATION_FORMAT = dwarf;
				DEVELOPMENT_TEAM = 99WD9D6Y46;
				ENABLE_STRICT_OBJC_MSGSEND = YES;
				ENABLE_TESTABILITY = YES;
				ENABLE_USER_SCRIPT_SANDBOXING = YES;
				GCC_C_LANGUAGE_STANDARD = gnu17;
				GCC_DYNAMIC_NO_PIC = NO;
				GCC_NO_COMMON_BLOCKS = YES;
				GCC_OPTIMIZATION_LEVEL = 0;
				GCC_PREPROCESSOR_DEFINITIONS = (
					"DEBUG=1",
					"$(inherited)",
				);
				GCC_WARN_64_TO_32_BIT_CONVERSION = YES;
				GCC_WARN_ABOUT_RETURN_TYPE = YES_ERROR;
				GCC_WARN_UNDECLARED_SELECTOR = YES;
				GCC_WARN_UNINITIALIZED_AUTOS = YES_AGGRESSIVE;
				GCC_WARN_UNUSED_FUNCTION = YES;
				GCC_WARN_UNUSED_VARIABLE = YES;
				IPHONEOS_DEPLOYMENT_TARGET = 18.5;
				LOCALIZATION_PREFERS_STRING_CATALOGS = YES;
				MTL_ENABLE_DEBUG_INFO = INCLUDE_SOURCE;
				MTL_FAST_MATH = YES;
				ONLY_ACTIVE_ARCH = YES;
				SDKROOT = iphoneos;
				SWIFT_ACTIVE_COMPILATION_CONDITIONS = "DEBUG $(inherited)";
				SWIFT_OPTIMIZATION_LEVEL = "-Onone";
			};
			name = Debug;
		};
		9AD0C31A2E0FDCE400489C6C /* Release */ = {
			isa = XCBuildConfiguration;
			buildSettings = {
				ALWAYS_SEARCH_USER_PATHS = NO;
				ASSETCATALOG_COMPILER_GENERATE_SWIFT_ASSET_SYMBOL_EXTENSIONS = YES;
				CLANG_ANALYZER_NONNULL = YES;
				CLANG_ANALYZER_NUMBER_OBJECT_CONVERSION = YES_AGGRESSIVE;
				CLANG_CXX_LANGUAGE_STANDARD = "gnu++20";
				CLANG_ENABLE_MODULES = YES;
				CLANG_ENABLE_OBJC_ARC = YES;
				CLANG_ENABLE_OBJC_WEAK = YES;
				CLANG_WARN_BLOCK_CAPTURE_AUTORELEASING = YES;
				CLANG_WARN_BOOL_CONVERSION = YES;
				CLANG_WARN_COMMA = YES;
				CLANG_WARN_CONSTANT_CONVERSION = YES;
				CLANG_WARN_DEPRECATED_OBJC_IMPLEMENTATIONS = YES;
				CLANG_WARN_DIRECT_OBJC_ISA_USAGE = YES_ERROR;
				CLANG_WARN_DOCUMENTATION_COMMENTS = YES;
				CLANG_WARN_EMPTY_BODY = YES;
				CLANG_WARN_ENUM_CONVERSION = YES;
				CLANG_WARN_INFINITE_RECURSION = YES;
				CLANG_WARN_INT_CONVERSION = YES;
				CLANG_WARN_NON_LITERAL_NULL_CONVERSION = YES;
				CLANG_WARN_OBJC_IMPLICIT_RETAIN_SELF = YES;
				CLANG_WARN_OBJC_LITERAL_CONVERSION = YES;
				CLANG_WARN_OBJC_ROOT_CLASS = YES_ERROR;
				CLANG_WARN_QUOTED_INCLUDE_IN_FRAMEWORK_HEADER = YES;
				CLANG_WARN_RANGE_LOOP_ANALYSIS = YES;
				CLANG_WARN_STRICT_PROTOTYPES = YES;
				CLANG_WARN_SUSPICIOUS_MOVE = YES;
				CLANG_WARN_UNGUARDED_AVAILABILITY = YES_AGGRESSIVE;
				CLANG_WARN_UNREACHABLE_CODE = YES;
				CLANG_WARN__DUPLICATE_METHOD_MATCH = YES;
				COPY_PHASE_STRIP = NO;
				DEBUG_INFORMATION_FORMAT = "dwarf-with-dsym";
				DEVELOPMENT_TEAM = 99WD9D6Y46;
				ENABLE_NS_ASSERTIONS = NO;
				ENABLE_STRICT_OBJC_MSGSEND = YES;
				ENABLE_USER_SCRIPT_SANDBOXING = YES;
				GCC_C_LANGUAGE_STANDARD = gnu17;
				GCC_NO_COMMON_BLOCKS = YES;
				GCC_WARN_64_TO_32_BIT_CONVERSION = YES;
				GCC_WARN_ABOUT_RETURN_TYPE = YES_ERROR;
				GCC_WARN_UNDECLARED_SELECTOR = YES;
				GCC_WARN_UNINITIALIZED_AUTOS = YES_AGGRESSIVE;
				GCC_WARN_UNUSED_FUNCTION = YES;
				GCC_WARN_UNUSED_VARIABLE = YES;
				IPHONEOS_DEPLOYMENT_TARGET = 18.5;
				LOCALIZATION_PREFERS_STRING_CATALOGS = YES;
				MTL_ENABLE_DEBUG_INFO = NO;
				MTL_FAST_MATH = YES;
				SDKROOT = iphoneos;
				SWIFT_COMPILATION_MODE = wholemodule;
				VALIDATE_PRODUCT = YES;
			};
			name = Release;
		};
		9AD0C31C2E0FDCE400489C6C /* Debug */ = {
			isa = XCBuildConfiguration;
			buildSettings = {
				ASSETCATALOG_COMPILER_APPICON_NAME = AppIcon;
				ASSETCATALOG_COMPILER_GLOBAL_ACCENT_COLOR_NAME = AccentColor;
				CODE_SIGN_STYLE = Automatic;
				CURRENT_PROJECT_VERSION = 1;
				DEVELOPMENT_TEAM = 99WD9D6Y46;
				ENABLE_PREVIEWS = YES;
				GENERATE_INFOPLIST_FILE = YES;
				INFOPLIST_KEY_UIApplicationSceneManifest_Generation = YES;
				INFOPLIST_KEY_UIApplicationSupportsIndirectInputEvents = YES;
				INFOPLIST_KEY_UILaunchScreen_Generation = YES;
				INFOPLIST_KEY_UISupportedInterfaceOrientations_iPad = "UIInterfaceOrientationPortrait UIInterfaceOrientationPortraitUpsideDown UIInterfaceOrientationLandscapeLeft UIInterfaceOrientationLandscapeRight";
				INFOPLIST_KEY_UISupportedInterfaceOrientations_iPhone = "UIInterfaceOrientationPortrait UIInterfaceOrientationLandscapeLeft UIInterfaceOrientationLandscapeRight";
				LD_RUNPATH_SEARCH_PATHS = (
					"$(inherited)",
					"@executable_path/Frameworks",
				);
				MARKETING_VERSION = 1.0;
				PRODUCT_BUNDLE_IDENTIFIER = "tech.CongLeSolutionX.RLC-Circuits-Simulator";
				PRODUCT_NAME = "$(TARGET_NAME)";
				SWIFT_EMIT_LOC_STRINGS = YES;
				SWIFT_VERSION = 5.0;
				TARGETED_DEVICE_FAMILY = "1,2";
			};
			name = Debug;
		};
		9AD0C31D2E0FDCE400489C6C /* Release */ = {
			isa = XCBuildConfiguration;
			buildSettings = {
				ASSETCATALOG_COMPILER_APPICON_NAME = AppIcon;
				ASSETCATALOG_COMPILER_GLOBAL_ACCENT_COLOR_NAME = AccentColor;
				CODE_SIGN_STYLE = Automatic;
				CURRENT_PROJECT_VERSION = 1;
				DEVELOPMENT_TEAM = 99WD9D6Y46;
				ENABLE_PREVIEWS = YES;
				GENERATE_INFOPLIST_FILE = YES;
				INFOPLIST_KEY_UIApplicationSceneManifest_Generation = YES;
				INFOPLIST_KEY_UIApplicationSupportsIndirectInputEvents = YES;
				INFOPLIST_KEY_UILaunchScreen_Generation = YES;
				INFOPLIST_KEY_UISupportedInterfaceOrientations_iPad = "UIInterfaceOrientationPortrait UIInterfaceOrientationPortraitUpsideDown UIInterfaceOrientationLandscapeLeft UIInterfaceOrientationLandscapeRight";
				INFOPLIST_KEY_UISupportedInterfaceOrientations_iPhone = "UIInterfaceOrientationPortrait UIInterfaceOrientationLandscapeLeft UIInterfaceOrientationLandscapeRight";
				LD_RUNPATH_SEARCH_PATHS = (
					"$(inherited)",
					"@executable_path/Frameworks",
				);
				MARKETING_VERSION = 1.0;
				PRODUCT_BUNDLE_IDENTIFIER = "tech.CongLeSolutionX.RLC-Circuits-Simulator";
				PRODUCT_NAME = "$(TARGET_NAME)";
				SWIFT_EMIT_LOC_STRINGS = YES;
				SWIFT_VERSION = 5.0;
				TARGETED_DEVICE_FAMILY = "1,2";
			};
			name = Release;
		};
		9AD0C31F2E0FDCE400489C6C /* Debug */ = {
			isa = XCBuildConfiguration;
			buildSettings = {
				BUNDLE_LOADER = "$(TEST_HOST)";
				CODE_SIGN_STYLE = Automatic;
				CURRENT_PROJECT_VERSION = 1;
				DEVELOPMENT_TEAM = 99WD9D6Y46;
				GENERATE_INFOPLIST_FILE = YES;
				IPHONEOS_DEPLOYMENT_TARGET = 18.5;
				MARKETING_VERSION = 1.0;
				PRODUCT_BUNDLE_IDENTIFIER = "tech.CongLeSolutionX.RLC-Circuits-SimulatorTests";
				PRODUCT_NAME = "$(TARGET_NAME)";
				SWIFT_EMIT_LOC_STRINGS = NO;
				SWIFT_VERSION = 5.0;
				TARGETED_DEVICE_FAMILY = "1,2";
				TEST_HOST = "$(BUILT_PRODUCTS_DIR)/RLC_Circuits_Simulator.app/$(BUNDLE_EXECUTABLE_FOLDER_PATH)/RLC_Circuits_Simulator";
			};
			name = Debug;
		};
		9AD0C3202E0FDCE400489C6C /* Release */ = {
			isa = XCBuildConfiguration;
			buildSettings = {
				BUNDLE_LOADER = "$(TEST_HOST)";
				CODE_SIGN_STYLE = Automatic;
				CURRENT_PROJECT_VERSION = 1;
				DEVELOPMENT_TEAM = 99WD9D6Y46;
				GENERATE_INFOPLIST_FILE = YES;
				IPHONEOS_DEPLOYMENT_TARGET = 18.5;
				MARKETING_VERSION = 1.0;
				PRODUCT_BUNDLE_IDENTIFIER = "tech.CongLeSolutionX.RLC-Circuits-SimulatorTests";
				PRODUCT_NAME = "$(TARGET_NAME)";
				SWIFT_EMIT_LOC_STRINGS = NO;
				SWIFT_VERSION = 5.0;
				TARGETED_DEVICE_FAMILY = "1,2";
				TEST_HOST = "$(BUILT_PRODUCTS_DIR)/RLC_Circuits_Simulator.app/$(BUNDLE_EXECUTABLE_FOLDER_PATH)/RLC_Circuits_Simulator";
			};
			name = Release;
		};
		9AD0C3222E0FDCE400489C6C /* Debug */ = {
			isa = XCBuildConfiguration;
			buildSettings = {
				CODE_SIGN_STYLE = Automatic;
				CURRENT_PROJECT_VERSION = 1;
				DEVELOPMENT_TEAM = 99WD9D6Y46;
				GENERATE_INFOPLIST_FILE = YES;
				MARKETING_VERSION = 1.0;
				PRODUCT_BUNDLE_IDENTIFIER = "tech.CongLeSolutionX.RLC-Circuits-SimulatorUITests";
				PRODUCT_NAME = "$(TARGET_NAME)";
				SWIFT_EMIT_LOC_STRINGS = NO;
				SWIFT_VERSION = 5.0;
				TARGETED_DEVICE_FAMILY = "1,2";
				TEST_TARGET_NAME = RLC_Circuits_Simulator;
			};
			name = Debug;
		};
		9AD0C3232E0FDCE400489C6C /* Release */ = {
			isa = XCBuildConfiguration;
			buildSettings = {
				CODE_SIGN_STYLE = Automatic;
				CURRENT_PROJECT_VERSION = 1;
				DEVELOPMENT_TEAM = 99WD9D6Y46;
				GENERATE_INFOPLIST_FILE = YES;
				MARKETING_VERSION = 1.0;
				PRODUCT_BUNDLE_IDENTIFIER = "tech.CongLeSolutionX.RLC-Circuits-SimulatorUITests";
				PRODUCT_NAME = "$(TARGET_NAME)";
				SWIFT_EMIT_LOC_STRINGS = NO;
				SWIFT_VERSION = 5.0;
				TARGETED_DEVICE_FAMILY = "1,2";
				TEST_TARGET_NAME = RLC_Circuits_Simulator;
			};
			name = Release;
		};
/* End XCBuildConfiguration section */

/* Begin XCConfigurationList section */
		9AD0C2F52E0FDCE200489C6C /* Build configuration list for PBXProject "RLC_Circuits_Simulator" */ = {
			isa = XCConfigurationList;
			buildConfigurations = (
				9AD0C3192E0FDCE400489C6C /* Debug */,
				9AD0C31A2E0FDCE400489C6C /* Release */,
			);
			defaultConfigurationIsVisible = 0;
			defaultConfigurationName = Release;
		};
		9AD0C31B2E0FDCE400489C6C /* Build configuration list for PBXNativeTarget "RLC_Circuits_Simulator" */ = {
			isa = XCConfigurationList;
			buildConfigurations = (
				9AD0C31C2E0FDCE400489C6C /* Debug */,
				9AD0C31D2E0FDCE400489C6C /* Release */,
			);
			defaultConfigurationIsVisible = 0;
			defaultConfigurationName = Release;
		};
		9AD0C31E2E0FDCE400489C6C /* Build configuration list for PBXNativeTarget "RLC_Circuits_SimulatorTests" */ = {
			isa = XCConfigurationList;
			buildConfigurations = (
				9AD0C31F2E0FDCE400489C6C /* Debug */,
				9AD0C3202E0FDCE400489C6C /* Release */,
			);
			defaultConfigurationIsVisible = 0;
			defaultConfigurationName = Release;
		};
		9AD0C3212E0FDCE400489C6C /* Build configuration list for PBXNativeTarget "RLC_Circuits_SimulatorUITests" */ = {
			isa = XCConfigurationList;
			buildConfigurations = (
				9AD0C3222E0FDCE400489C6C /* Debug */,
				9AD0C3232E0FDCE400489C6C /* Release */,
			);
			defaultConfigurationIsVisible = 0;
			defaultConfigurationName = Release;
		};
/* End XCConfigurationList section */
	};
	rootObject = 9AD0C2F22E0FDCE200489C6C /* Project object */;
}
